
Microsoft Visual Studio Solution File, Format Version 12.00
# Visual Studio Version 17
VisualStudioVersion = 17.5.33502.453
MinimumVisualStudioVersion = 10.0.40219.1
Project("{FAE04EC0-301F-11D3-BF4B-00C04F79EFBC}") = "TrafficLightIntroOO", "TrafficLightIntroOO\TrafficLightIntroOO.csproj", "{BF8BF402-0898-43C0-B4A9-C38363262740}"
EndProject
Global
	GlobalSection(SolutionConfigurationPlatforms) = preSolution
		Debug|Any CPU = Debug|Any CPU
		Release|Any CPU = Release|Any CPU
	EndGlobalSection
	GlobalSection(ProjectConfigurationPlatforms) = postSolution
		{BF8BF402-0898-43C0-B4A9-C38363262740}.Debug|Any CPU.ActiveCfg = Debug|Any CPU
		{BF8BF402-0898-43C0-B4A9-C38363262740}.Debug|Any CPU.Build.0 = Debug|Any CPU
		{BF8BF402-0898-43C0-B4A9-C38363262740}.Release|Any CPU.ActiveCfg = Release|Any CPU
		{BF8BF402-0898-43C0-B4A9-C38363262740}.Release|Any CPU.Build.0 = Release|Any CPU
	EndGlobalSection
	GlobalSection(SolutionProperties) = preSolution
		HideSolutionNode = FALSE
	EndGlobalSection
	GlobalSection(ExtensibilityGlobals) = postSolution
		SolutionGuid = {90BADD28-B6EF-4197-AB79-DFE9E8251674}
	EndGlobalSection
EndGlobal
